
Microsoft Visual Studio Solution File, Format Version 12.00
# Visual Studio 2013
VisualStudioVersion = 12.0.31101.0
MinimumVisualStudioVersion = 10.0.40219.1
Project("{FAE04EC0-301F-11D3-BF4B-00C04F79EFBC}") = "BRPWorld.Utils", "BRPWorld.Utils\BRPWorld.Utils.csproj", "{4537D0CF-68F5-4BAC-9B37-42326A7B2BAF}"
EndProject
Project("{FAE04EC0-301F-11D3-BF4B-00C04F79EFBC}") = "BezierSegmentDemo", "BezierSegmentDemo\BezierSegmentDemo.csproj", "{95F19A8D-F07C-4F71-9BF7-DE02B65C5A61}"
EndProject
Project("{2150E333-8FDC-42A3-9474-1A3956D46DE8}") = "Solution Items", "Solution Items", "{A6877DC3-4521-4ED6-BEB9-6F50C5286067}"
	ProjectSection(SolutionItems) = preProject
		README.txt = README.txt
	EndProjectSection
EndProject
Global
	GlobalSection(SolutionConfigurationPlatforms) = preSolution
		Debug|Any CPU = Debug|Any CPU
		Release|Any CPU = Release|Any CPU
	EndGlobalSection
	GlobalSection(ProjectConfigurationPlatforms) = postSolution
		{4537D0CF-68F5-4BAC-9B37-42326A7B2BAF}.Debug|Any CPU.ActiveCfg = Debug|Any CPU
		{4537D0CF-68F5-4BAC-9B37-42326A7B2BAF}.Debug|Any CPU.Build.0 = Debug|Any CPU
		{4537D0CF-68F5-4BAC-9B37-42326A7B2BAF}.Release|Any CPU.ActiveCfg = Release|Any CPU
		{4537D0CF-68F5-4BAC-9B37-42326A7B2BAF}.Release|Any CPU.Build.0 = Release|Any CPU
		{95F19A8D-F07C-4F71-9BF7-DE02B65C5A61}.Debug|Any CPU.ActiveCfg = Debug|Any CPU
		{95F19A8D-F07C-4F71-9BF7-DE02B65C5A61}.Debug|Any CPU.Build.0 = Debug|Any CPU
		{95F19A8D-F07C-4F71-9BF7-DE02B65C5A61}.Release|Any CPU.ActiveCfg = Release|Any CPU
		{95F19A8D-F07C-4F71-9BF7-DE02B65C5A61}.Release|Any CPU.Build.0 = Release|Any CPU
	EndGlobalSection
	GlobalSection(SolutionProperties) = preSolution
		HideSolutionNode = FALSE
	EndGlobalSection
EndGlobal
